
Microsoft Visual Studio Solution File, Format Version 12.00
# Visual Studio Version 16
VisualStudioVersion = 16.0.29521.150
MinimumVisualStudioVersion = 10.0.40219.1
Project("{FAE04EC0-301F-11D3-BF4B-00C04F79EFBC}") = "RGMail", "RGMail\RGMail.csproj", "{AE90675C-330A-4314-BA3B-54387BFF9059}"
EndProject
Project("{2150E333-8FDC-42A3-9474-1A3956D46DE8}") = "说明", "说明", "{C56E3552-3052-4B92-92A6-297C0EB1E789}"
	ProjectSection(SolutionItems) = preProject
		README.md = README.md
		Warn.txt = Warn.txt
	EndProjectSection
EndProject
Global
	GlobalSection(SolutionConfigurationPlatforms) = preSolution
		Debug|Any CPU = Debug|Any CPU
		Release|Any CPU = Release|Any CPU
	EndGlobalSection
	GlobalSection(ProjectConfigurationPlatforms) = postSolution
		{AE90675C-330A-4314-BA3B-54387BFF9059}.Debug|Any CPU.ActiveCfg = Debug|Any CPU
		{AE90675C-330A-4314-BA3B-54387BFF9059}.Debug|Any CPU.Build.0 = Debug|Any CPU
		{AE90675C-330A-4314-BA3B-54387BFF9059}.Release|Any CPU.ActiveCfg = Release|Any CPU
		{AE90675C-330A-4314-BA3B-54387BFF9059}.Release|Any CPU.Build.0 = Release|Any CPU
	EndGlobalSection
	GlobalSection(SolutionProperties) = preSolution
		HideSolutionNode = FALSE
	EndGlobalSection
	GlobalSection(ExtensibilityGlobals) = postSolution
		SolutionGuid = {F46B8295-D10E-47F8-AA94-C495F4DE69DC}
	EndGlobalSection
EndGlobal
